# Tests pass with python 3.8 on 2024-05-18 and with these versions
# pip install --no-deps -r tests/requirements.lock
beautifulsoup4==4.12.3
certifi==2023.11.17
charset-normalizer==3.3.2
hjson==3.1.0
idna==3.6
jx-elasticsearch==3.99.20292
jx-python==3.99.20292
mo-collections==5.623.24125
mo-files==3.92.20258
mo-future==7.584.24095
mo-http==3.99.20292
mo-imports==7.584.24095
mo-json==6.624.24125
mo-json-config==3.77.20190
mo-kwargs==7.623.24125
mo-logs==8.623.24125
mo-math==7.623.24125
mo-testing==8.623.24125
mo-threads==6.623.24125
mo-times==5.623.24125
pyLibrary==3.264.22338
pytz==2024.1
requests==2.31.0
soupsieve==2.5
urllib3==2.2.0