# Tests pass with python 3.9 on 2026-09-16 and with these versions
# pip install --no-deps -r tests/requirements-3.9.lock
beautifulsoup4==4.15.0
certifi==2026.7.22
charset-normalizer==3.5.1
hjson==3.1.0
idna==3.19
jx-elasticsearch==3.99.20292
jx-python==4.673.25037
mo-collections==5.672.25036
mo-files==7.709.26123
mo-future==7.688.26259
mo-http==3.99.20292
mo-imports==7.688.26259
mo-json==6.703.26061
mo-json-config==4.673.25037
mo-kwargs==8.703.26061
mo-logs==8.703.26061
mo-math==7.685.25166
mo-testing==8.685.25166
mo-threads==6.704.26062
mo-times==5.703.26061
pyLibrary==3.264.22338
pytz==2026.3.post1
requests==2.32.5
soupsieve==2.8.4
typing_extensions==4.16.0
urllib3==2.6.3